
Microsoft Visual Studio Solution File, Format Version 12.00
# Visual Studio Version 17
VisualStudioVersion = 17.0.31903.59
MinimumVisualStudioVersion = 10.0.40219.1
Project("{2150E333-8FDC-42A3-9474-1A3956D46DE8}") = "src", "src", "{827E0CD3-B72D-47B6-A68D-7590B98EB39B}"
EndProject
Project("{2150E333-8FDC-42A3-9474-1A3956D46DE8}") = "tests", "tests", "{0AB3BF05-4346-4AA6-1389-037BE0695223}"
EndProject
Project("{FAE04EC0-301F-11D3-BF4B-00C04F79EFBC}") = "CoreApp.Domain", "src\CoreApp.Domain\CoreApp.Domain.csproj", "{D6A160B0-F9C1-4F50-950D-45F36298F0D6}"
EndProject
Project("{FAE04EC0-301F-11D3-BF4B-00C04F79EFBC}") = "Infrastructure.Persistence", "src\Infrastructure\Infrastructure.Persistence.csproj", "{B29C8302-81E1-49B2-AF6A-792A281272A0}"
EndProject
Project("{FAE04EC0-301F-11D3-BF4B-00C04F79EFBC}") = "Infrastructure.Platform.Maui", "src\Infrastructure.Platform.Maui\Infrastructure.Platform.Maui.csproj", "{0F5A38B9-DA84-4400-8DAB-30ED2CA88A40}"
EndProject
Project("{FAE04EC0-301F-11D3-BF4B-00C04F79EFBC}") = "MothballMobile", "src\MothballMobile\MothballMobile.csproj", "{A3756EFA-3919-4B68-A575-677D59EDC403}"
EndProject
Project("{FAE04EC0-301F-11D3-BF4B-00C04F79EFBC}") = "UnitTests", "tests\UnitTests\UnitTests.csproj", "{444B5861-7C62-4682-A032-02FA84498C59}"
EndProject
Project("{FAE04EC0-301F-11D3-BF4B-00C04F79EFBC}") = "CoreApp.Application", "src\CoreApp.Application\CoreApp.Application.csproj", "{4978FAB0-C569-4D08-969C-EF955A97A616}"
EndProject
Project("{FAE04EC0-301F-11D3-BF4B-00C04F79EFBC}") = "IntegrationTests", "tests\IntegrationTests\IntegrationTests.csproj", "{BA3BC5F8-A6F1-468C-82C4-F74C820D9F63}"
EndProject
Project("{FAE04EC0-301F-11D3-BF4B-00C04F79EFBC}") = "Tests.Shared", "tests\Tests.Shared\Tests.Shared.csproj", "{43680F55-363A-4DBE-AB63-79E865741F8D}"
EndProject
Global
	GlobalSection(SolutionConfigurationPlatforms) = preSolution
		Debug|Any CPU = Debug|Any CPU
		Debug|x64 = Debug|x64
		Debug|x86 = Debug|x86
		Release|Any CPU = Release|Any CPU
		Release|x64 = Release|x64
		Release|x86 = Release|x86
	EndGlobalSection
	GlobalSection(ProjectConfigurationPlatforms) = postSolution
		{D6A160B0-F9C1-4F50-950D-45F36298F0D6}.Debug|Any CPU.ActiveCfg = Debug|Any CPU
		{D6A160B0-F9C1-4F50-950D-45F36298F0D6}.Debug|Any CPU.Build.0 = Debug|Any CPU
		{D6A160B0-F9C1-4F50-950D-45F36298F0D6}.Debug|x64.ActiveCfg = Debug|Any CPU
		{D6A160B0-F9C1-4F50-950D-45F36298F0D6}.Debug|x64.Build.0 = Debug|Any CPU
		{D6A160B0-F9C1-4F50-950D-45F36298F0D6}.Debug|x86.ActiveCfg = Debug|Any CPU
		{D6A160B0-F9C1-4F50-950D-45F36298F0D6}.Debug|x86.Build.0 = Debug|Any CPU
		{D6A160B0-F9C1-4F50-950D-45F36298F0D6}.Release|Any CPU.ActiveCfg = Release|Any CPU
		{D6A160B0-F9C1-4F50-950D-45F36298F0D6}.Release|Any CPU.Build.0 = Release|Any CPU
		{D6A160B0-F9C1-4F50-950D-45F36298F0D6}.Release|x64.ActiveCfg = Release|Any CPU
		{D6A160B0-F9C1-4F50-950D-45F36298F0D6}.Release|x64.Build.0 = Release|Any CPU
		{D6A160B0-F9C1-4F50-950D-45F36298F0D6}.Release|x86.ActiveCfg = Release|Any CPU
		{D6A160B0-F9C1-4F50-950D-45F36298F0D6}.Release|x86.Build.0 = Release|Any CPU
		{B29C8302-81E1-49B2-AF6A-792A281272A0}.Debug|Any CPU.ActiveCfg = Debug|Any CPU
		{B29C8302-81E1-49B2-AF6A-792A281272A0}.Debug|Any CPU.Build.0 = Debug|Any CPU
		{B29C8302-81E1-49B2-AF6A-792A281272A0}.Debug|x64.ActiveCfg = Debug|Any CPU
		{B29C8302-81E1-49B2-AF6A-792A281272A0}.Debug|x64.Build.0 = Debug|Any CPU
		{B29C8302-81E1-49B2-AF6A-792A281272A0}.Debug|x86.ActiveCfg = Debug|Any CPU
		{B29C8302-81E1-49B2-AF6A-792A281272A0}.Debug|x86.Build.0 = Debug|Any CPU
		{B29C8302-81E1-49B2-AF6A-792A281272A0}.Release|Any CPU.ActiveCfg = Release|Any CPU
		{B29C8302-81E1-49B2-AF6A-792A281272A0}.Release|Any CPU.Build.0 = Release|Any CPU
		{B29C8302-81E1-49B2-AF6A-792A281272A0}.Release|x64.ActiveCfg = Release|Any CPU
		{B29C8302-81E1-49B2-AF6A-792A281272A0}.Release|x64.Build.0 = Release|Any CPU
		{B29C8302-81E1-49B2-AF6A-792A281272A0}.Release|x86.ActiveCfg = Release|Any CPU
		{B29C8302-81E1-49B2-AF6A-792A281272A0}.Release|x86.Build.0 = Release|Any CPU
		{0F5A38B9-DA84-4400-8DAB-30ED2CA88A40}.Debug|Any CPU.ActiveCfg = Debug|Any CPU
		{0F5A38B9-DA84-4400-8DAB-30ED2CA88A40}.Debug|Any CPU.Build.0 = Debug|Any CPU
		{0F5A38B9-DA84-4400-8DAB-30ED2CA88A40}.Debug|x64.ActiveCfg = Debug|Any CPU
		{0F5A38B9-DA84-4400-8DAB-30ED2CA88A40}.Debug|x64.Build.0 = Debug|Any CPU
		{0F5A38B9-DA84-4400-8DAB-30ED2CA88A40}.Debug|x86.ActiveCfg = Debug|Any CPU
		{0F5A38B9-DA84-4400-8DAB-30ED2CA88A40}.Debug|x86.Build.0 = Debug|Any CPU
		{0F5A38B9-DA84-4400-8DAB-30ED2CA88A40}.Release|Any CPU.ActiveCfg = Release|Any CPU
		{0F5A38B9-DA84-4400-8DAB-30ED2CA88A40}.Release|Any CPU.Build.0 = Release|Any CPU
		{0F5A38B9-DA84-4400-8DAB-30ED2CA88A40}.Release|x64.ActiveCfg = Release|Any CPU
		{0F5A38B9-DA84-4400-8DAB-30ED2CA88A40}.Release|x64.Build.0 = Release|Any CPU
		{0F5A38B9-DA84-4400-8DAB-30ED2CA88A40}.Release|x86.ActiveCfg = Release|Any CPU
		{0F5A38B9-DA84-4400-8DAB-30ED2CA88A40}.Release|x86.Build.0 = Release|Any CPU
		{A3756EFA-3919-4B68-A575-677D59EDC403}.Debug|Any CPU.ActiveCfg = Debug|Any CPU
		{A3756EFA-3919-4B68-A575-677D59EDC403}.Debug|Any CPU.Build.0 = Debug|Any CPU
		{A3756EFA-3919-4B68-A575-677D59EDC403}.Debug|x64.ActiveCfg = Debug|Any CPU
		{A3756EFA-3919-4B68-A575-677D59EDC403}.Debug|x64.Build.0 = Debug|Any CPU
		{A3756EFA-3919-4B68-A575-677D59EDC403}.Debug|x86.ActiveCfg = Debug|Any CPU
		{A3756EFA-3919-4B68-A575-677D59EDC403}.Debug|x86.Build.0 = Debug|Any CPU
		{A3756EFA-3919-4B68-A575-677D59EDC403}.Release|Any CPU.ActiveCfg = Release|Any CPU
		{A3756EFA-3919-4B68-A575-677D59EDC403}.Release|Any CPU.Build.0 = Release|Any CPU
		{A3756EFA-3919-4B68-A575-677D59EDC403}.Release|x64.ActiveCfg = Release|Any CPU
		{A3756EFA-3919-4B68-A575-677D59EDC403}.Release|x64.Build.0 = Release|Any CPU
		{A3756EFA-3919-4B68-A575-677D59EDC403}.Release|x86.ActiveCfg = Release|Any CPU
		{A3756EFA-3919-4B68-A575-677D59EDC403}.Release|x86.Build.0 = Release|Any CPU
		{444B5861-7C62-4682-A032-02FA84498C59}.Debug|Any CPU.ActiveCfg = Debug|Any CPU
		{444B5861-7C62-4682-A032-02FA84498C59}.Debug|Any CPU.Build.0 = Debug|Any CPU
		{444B5861-7C62-4682-A032-02FA84498C59}.Debug|x64.ActiveCfg = Debug|Any CPU
		{444B5861-7C62-4682-A032-02FA84498C59}.Debug|x64.Build.0 = Debug|Any CPU
		{444B5861-7C62-4682-A032-02FA84498C59}.Debug|x86.ActiveCfg = Debug|Any CPU
		{444B5861-7C62-4682-A032-02FA84498C59}.Debug|x86.Build.0 = Debug|Any CPU
		{444B5861-7C62-4682-A032-02FA84498C59}.Release|Any CPU.ActiveCfg = Release|Any CPU
		{444B5861-7C62-4682-A032-02FA84498C59}.Release|Any CPU.Build.0 = Release|Any CPU
		{444B5861-7C62-4682-A032-02FA84498C59}.Release|x64.ActiveCfg = Release|Any CPU
		{444B5861-7C62-4682-A032-02FA84498C59}.Release|x64.Build.0 = Release|Any CPU
		{444B5861-7C62-4682-A032-02FA84498C59}.Release|x86.ActiveCfg = Release|Any CPU
		{444B5861-7C62-4682-A032-02FA84498C59}.Release|x86.Build.0 = Release|Any CPU
		{4978FAB0-C569-4D08-969C-EF955A97A616}.Debug|Any CPU.ActiveCfg = Debug|Any CPU
		{4978FAB0-C569-4D08-969C-EF955A97A616}.Debug|Any CPU.Build.0 = Debug|Any CPU
		{4978FAB0-C569-4D08-969C-EF955A97A616}.Debug|x64.ActiveCfg = Debug|Any CPU
		{4978FAB0-C569-4D08-969C-EF955A97A616}.Debug|x64.Build.0 = Debug|Any CPU
		{4978FAB0-C569-4D08-969C-EF955A97A616}.Debug|x86.ActiveCfg = Debug|Any CPU
		{4978FAB0-C569-4D08-969C-EF955A97A616}.Debug|x86.Build.0 = Debug|Any CPU
		{4978FAB0-C569-4D08-969C-EF955A97A616}.Release|Any CPU.ActiveCfg = Release|Any CPU
		{4978FAB0-C569-4D08-969C-EF955A97A616}.Release|Any CPU.Build.0 = Release|Any CPU
		{4978FAB0-C569-4D08-969C-EF955A97A616}.Release|x64.ActiveCfg = Release|Any CPU
		{4978FAB0-C569-4D08-969C-EF955A97A616}.Release|x64.Build.0 = Release|Any CPU
		{4978FAB0-C569-4D08-969C-EF955A97A616}.Release|x86.ActiveCfg = Release|Any CPU
		{4978FAB0-C569-4D08-969C-EF955A97A616}.Release|x86.Build.0 = Release|Any CPU
		{BA3BC5F8-A6F1-468C-82C4-F74C820D9F63}.Debug|Any CPU.ActiveCfg = Debug|Any CPU
		{BA3BC5F8-A6F1-468C-82C4-F74C820D9F63}.Debug|Any CPU.Build.0 = Debug|Any CPU
		{BA3BC5F8-A6F1-468C-82C4-F74C820D9F63}.Debug|x64.ActiveCfg = Debug|Any CPU
		{BA3BC5F8-A6F1-468C-82C4-F74C820D9F63}.Debug|x64.Build.0 = Debug|Any CPU
		{BA3BC5F8-A6F1-468C-82C4-F74C820D9F63}.Debug|x86.ActiveCfg = Debug|Any CPU
		{BA3BC5F8-A6F1-468C-82C4-F74C820D9F63}.Debug|x86.Build.0 = Debug|Any CPU
		{BA3BC5F8-A6F1-468C-82C4-F74C820D9F63}.Release|Any CPU.ActiveCfg = Release|Any CPU
		{BA3BC5F8-A6F1-468C-82C4-F74C820D9F63}.Release|Any CPU.Build.0 = Release|Any CPU
		{BA3BC5F8-A6F1-468C-82C4-F74C820D9F63}.Release|x64.ActiveCfg = Release|Any CPU
		{BA3BC5F8-A6F1-468C-82C4-F74C820D9F63}.Release|x64.Build.0 = Release|Any CPU
		{BA3BC5F8-A6F1-468C-82C4-F74C820D9F63}.Release|x86.ActiveCfg = Release|Any CPU
		{BA3BC5F8-A6F1-468C-82C4-F74C820D9F63}.Release|x86.Build.0 = Release|Any CPU
		{43680F55-363A-4DBE-AB63-79E865741F8D}.Debug|Any CPU.ActiveCfg = Debug|Any CPU
		{43680F55-363A-4DBE-AB63-79E865741F8D}.Debug|Any CPU.Build.0 = Debug|Any CPU
		{43680F55-363A-4DBE-AB63-79E865741F8D}.Debug|x64.ActiveCfg = Debug|Any CPU
		{43680F55-363A-4DBE-AB63-79E865741F8D}.Debug|x64.Build.0 = Debug|Any CPU
		{43680F55-363A-4DBE-AB63-79E865741F8D}.Debug|x86.ActiveCfg = Debug|Any CPU
		{43680F55-363A-4DBE-AB63-79E865741F8D}.Debug|x86.Build.0 = Debug|Any CPU
		{43680F55-363A-4DBE-AB63-79E865741F8D}.Release|Any CPU.ActiveCfg = Release|Any CPU
		{43680F55-363A-4DBE-AB63-79E865741F8D}.Release|Any CPU.Build.0 = Release|Any CPU
		{43680F55-363A-4DBE-AB63-79E865741F8D}.Release|x64.ActiveCfg = Release|Any CPU
		{43680F55-363A-4DBE-AB63-79E865741F8D}.Release|x64.Build.0 = Release|Any CPU
		{43680F55-363A-4DBE-AB63-79E865741F8D}.Release|x86.ActiveCfg = Release|Any CPU
		{43680F55-363A-4DBE-AB63-79E865741F8D}.Release|x86.Build.0 = Release|Any CPU
	EndGlobalSection
	GlobalSection(SolutionProperties) = preSolution
		HideSolutionNode = FALSE
	EndGlobalSection
	GlobalSection(NestedProjects) = preSolution
		{D6A160B0-F9C1-4F50-950D-45F36298F0D6} = {827E0CD3-B72D-47B6-A68D-7590B98EB39B}
		{B29C8302-81E1-49B2-AF6A-792A281272A0} = {827E0CD3-B72D-47B6-A68D-7590B98EB39B}
		{0F5A38B9-DA84-4400-8DAB-30ED2CA88A40} = {827E0CD3-B72D-47B6-A68D-7590B98EB39B}
		{A3756EFA-3919-4B68-A575-677D59EDC403} = {827E0CD3-B72D-47B6-A68D-7590B98EB39B}
		{444B5861-7C62-4682-A032-02FA84498C59} = {0AB3BF05-4346-4AA6-1389-037BE0695223}
		{4978FAB0-C569-4D08-969C-EF955A97A616} = {827E0CD3-B72D-47B6-A68D-7590B98EB39B}
		{BA3BC5F8-A6F1-468C-82C4-F74C820D9F63} = {0AB3BF05-4346-4AA6-1389-037BE0695223}
		{43680F55-363A-4DBE-AB63-79E865741F8D} = {0AB3BF05-4346-4AA6-1389-037BE0695223}
	EndGlobalSection
EndGlobal
