
Microsoft Visual Studio Solution File, Format Version 12.00
# Visual Studio Version 17
VisualStudioVersion = 17.0.31903.59
MinimumVisualStudioVersion = 10.0.40219.1
Project("{2150E333-8FDC-42A3-9474-1A3956D46DE8}") = "src", "src", "{827E0CD3-B72D-47B6-A68D-7590B98EB39B}"
EndProject
Project("{2150E333-8FDC-42A3-9474-1A3956D46DE8}") = "tests", "tests", "{0AB3BF05-4346-4AA6-1389-037BE0695223}"
EndProject
Project("{FAE04EC0-301F-11D3-BF4B-00C04F79EFBC}") = "CoreApp", "src\CoreApp\CoreApp.csproj", "{0ED55E82-3CE9-4134-970C-A90C66032DCD}"
EndProject
Project("{FAE04EC0-301F-11D3-BF4B-00C04F79EFBC}") = "Infrastructure", "src\Infrastructure\Infrastructure.csproj", "{B29C8302-81E1-49B2-AF6A-792A281272A0}"
EndProject
Project("{FAE04EC0-301F-11D3-BF4B-00C04F79EFBC}") = "MothballMobile", "src\MothballMobile\MothballMobile.csproj", "{A3756EFA-3919-4B68-A575-677D59EDC403}"
EndProject
Project("{FAE04EC0-301F-11D3-BF4B-00C04F79EFBC}") = "UnitTests", "tests\UnitTests\UnitTests.csproj", "{444B5861-7C62-4682-A032-02FA84498C59}"
EndProject
Global
	GlobalSection(SolutionConfigurationPlatforms) = preSolution
		Debug|Any CPU = Debug|Any CPU
		Debug|x64 = Debug|x64
		Debug|x86 = Debug|x86
		Release|Any CPU = Release|Any CPU
		Release|x64 = Release|x64
		Release|x86 = Release|x86
	EndGlobalSection
	GlobalSection(ProjectConfigurationPlatforms) = postSolution
		{0ED55E82-3CE9-4134-970C-A90C66032DCD}.Debug|Any CPU.ActiveCfg = Debug|Any CPU
		{0ED55E82-3CE9-4134-970C-A90C66032DCD}.Debug|Any CPU.Build.0 = Debug|Any CPU
		{0ED55E82-3CE9-4134-970C-A90C66032DCD}.Debug|x64.ActiveCfg = Debug|Any CPU
		{0ED55E82-3CE9-4134-970C-A90C66032DCD}.Debug|x64.Build.0 = Debug|Any CPU
		{0ED55E82-3CE9-4134-970C-A90C66032DCD}.Debug|x86.ActiveCfg = Debug|Any CPU
		{0ED55E82-3CE9-4134-970C-A90C66032DCD}.Debug|x86.Build.0 = Debug|Any CPU
		{0ED55E82-3CE9-4134-970C-A90C66032DCD}.Release|Any CPU.ActiveCfg = Release|Any CPU
		{0ED55E82-3CE9-4134-970C-A90C66032DCD}.Release|Any CPU.Build.0 = Release|Any CPU
		{0ED55E82-3CE9-4134-970C-A90C66032DCD}.Release|x64.ActiveCfg = Release|Any CPU
		{0ED55E82-3CE9-4134-970C-A90C66032DCD}.Release|x64.Build.0 = Release|Any CPU
		{0ED55E82-3CE9-4134-970C-A90C66032DCD}.Release|x86.ActiveCfg = Release|Any CPU
		{0ED55E82-3CE9-4134-970C-A90C66032DCD}.Release|x86.Build.0 = Release|Any CPU
		{B29C8302-81E1-49B2-AF6A-792A281272A0}.Debug|Any CPU.ActiveCfg = Debug|Any CPU
		{B29C8302-81E1-49B2-AF6A-792A281272A0}.Debug|Any CPU.Build.0 = Debug|Any CPU
		{B29C8302-81E1-49B2-AF6A-792A281272A0}.Debug|x64.ActiveCfg = Debug|Any CPU
		{B29C8302-81E1-49B2-AF6A-792A281272A0}.Debug|x64.Build.0 = Debug|Any CPU
		{B29C8302-81E1-49B2-AF6A-792A281272A0}.Debug|x86.ActiveCfg = Debug|Any CPU
		{B29C8302-81E1-49B2-AF6A-792A281272A0}.Debug|x86.Build.0 = Debug|Any CPU
		{B29C8302-81E1-49B2-AF6A-792A281272A0}.Release|Any CPU.ActiveCfg = Release|Any CPU
		{B29C8302-81E1-49B2-AF6A-792A281272A0}.Release|Any CPU.Build.0 = Release|Any CPU
		{B29C8302-81E1-49B2-AF6A-792A281272A0}.Release|x64.ActiveCfg = Release|Any CPU
		{B29C8302-81E1-49B2-AF6A-792A281272A0}.Release|x64.Build.0 = Release|Any CPU
		{B29C8302-81E1-49B2-AF6A-792A281272A0}.Release|x86.ActiveCfg = Release|Any CPU
		{B29C8302-81E1-49B2-AF6A-792A281272A0}.Release|x86.Build.0 = Release|Any CPU
		{A3756EFA-3919-4B68-A575-677D59EDC403}.Debug|Any CPU.ActiveCfg = Debug|Any CPU
		{A3756EFA-3919-4B68-A575-677D59EDC403}.Debug|Any CPU.Build.0 = Debug|Any CPU
		{A3756EFA-3919-4B68-A575-677D59EDC403}.Debug|x64.ActiveCfg = Debug|Any CPU
		{A3756EFA-3919-4B68-A575-677D59EDC403}.Debug|x64.Build.0 = Debug|Any CPU
		{A3756EFA-3919-4B68-A575-677D59EDC403}.Debug|x86.ActiveCfg = Debug|Any CPU
		{A3756EFA-3919-4B68-A575-677D59EDC403}.Debug|x86.Build.0 = Debug|Any CPU
		{A3756EFA-3919-4B68-A575-677D59EDC403}.Release|Any CPU.ActiveCfg = Release|Any CPU
		{A3756EFA-3919-4B68-A575-677D59EDC403}.Release|Any CPU.Build.0 = Release|Any CPU
		{A3756EFA-3919-4B68-A575-677D59EDC403}.Release|x64.ActiveCfg = Release|Any CPU
		{A3756EFA-3919-4B68-A575-677D59EDC403}.Release|x64.Build.0 = Release|Any CPU
		{A3756EFA-3919-4B68-A575-677D59EDC403}.Release|x86.ActiveCfg = Release|Any CPU
		{A3756EFA-3919-4B68-A575-677D59EDC403}.Release|x86.Build.0 = Release|Any CPU
		{444B5861-7C62-4682-A032-02FA84498C59}.Debug|Any CPU.ActiveCfg = Debug|Any CPU
		{444B5861-7C62-4682-A032-02FA84498C59}.Debug|Any CPU.Build.0 = Debug|Any CPU
		{444B5861-7C62-4682-A032-02FA84498C59}.Debug|x64.ActiveCfg = Debug|Any CPU
		{444B5861-7C62-4682-A032-02FA84498C59}.Debug|x64.Build.0 = Debug|Any CPU
		{444B5861-7C62-4682-A032-02FA84498C59}.Debug|x86.ActiveCfg = Debug|Any CPU
		{444B5861-7C62-4682-A032-02FA84498C59}.Debug|x86.Build.0 = Debug|Any CPU
		{444B5861-7C62-4682-A032-02FA84498C59}.Release|Any CPU.ActiveCfg = Release|Any CPU
		{444B5861-7C62-4682-A032-02FA84498C59}.Release|Any CPU.Build.0 = Release|Any CPU
		{444B5861-7C62-4682-A032-02FA84498C59}.Release|x64.ActiveCfg = Release|Any CPU
		{444B5861-7C62-4682-A032-02FA84498C59}.Release|x64.Build.0 = Release|Any CPU
		{444B5861-7C62-4682-A032-02FA84498C59}.Release|x86.ActiveCfg = Release|Any CPU
		{444B5861-7C62-4682-A032-02FA84498C59}.Release|x86.Build.0 = Release|Any CPU
	EndGlobalSection
	GlobalSection(SolutionProperties) = preSolution
		HideSolutionNode = FALSE
	EndGlobalSection
	GlobalSection(NestedProjects) = preSolution
		{0ED55E82-3CE9-4134-970C-A90C66032DCD} = {827E0CD3-B72D-47B6-A68D-7590B98EB39B}
		{B29C8302-81E1-49B2-AF6A-792A281272A0} = {827E0CD3-B72D-47B6-A68D-7590B98EB39B}
		{A3756EFA-3919-4B68-A575-677D59EDC403} = {827E0CD3-B72D-47B6-A68D-7590B98EB39B}
		{444B5861-7C62-4682-A032-02FA84498C59} = {0AB3BF05-4346-4AA6-1389-037BE0695223}
	EndGlobalSection
EndGlobal
